
Microsoft Visual Studio Solution File, Format Version 12.00
# Visual Studio 15
VisualStudioVersion = 15.0.27130.2020
MinimumVisualStudioVersion = 10.0.40219.1
Project("{9A19103F-16F7-4668-BE54-9A1E7A4F7556}") = "2sxc-inpage", "2sxc-inpage.csproj", "{1D236A28-90C1-40C9-9DC6-A8516CEDE8F9}"
EndProject
Global
	GlobalSection(SolutionConfigurationPlatforms) = preSolution
		Debug|Any CPU = Debug|Any CPU
		Release|Any CPU = Release|Any CPU
	EndGlobalSection
	GlobalSection(ProjectConfigurationPlatforms) = postSolution
		{1D236A28-90C1-40C9-9DC6-A8516CEDE8F9}.Debug|Any CPU.ActiveCfg = Debug|Any CPU
		{1D236A28-90C1-40C9-9DC6-A8516CEDE8F9}.Release|Any CPU.ActiveCfg = Release|Any CPU
	EndGlobalSection
	GlobalSection(SolutionProperties) = preSolution
		HideSolutionNode = FALSE
	EndGlobalSection
	GlobalSection(ExtensibilityGlobals) = postSolution
		SolutionGuid = {87DEA449-B862-46F6-9C12-C0E076550980}
	EndGlobalSection
EndGlobal
